
Microsoft Visual Studio Solution File, Format Version 12.00
# Visual Studio Version 17
VisualStudioVersion = 17.8.34309.116
MinimumVisualStudioVersion = 10.0.40219.1
Project("{9A19103F-16F7-4668-BE54-9A1E7A4F7556}") = "anything-api", "src\anything-api\anything-api.csproj", "{C73F00FB-520A-4A4D-863E-7F69214314DA}"
	ProjectSection(ProjectDependencies) = postProject
		{01D99CFB-0E29-49D9-885B-A130FB6F8C52} = {01D99CFB-0E29-49D9-885B-A130FB6F8C52}
		{6D96C548-9617-4F6C-8CD3-E1B5C813A5D5} = {6D96C548-9617-4F6C-8CD3-E1B5C813A5D5}
	EndProjectSection
EndProject
Project("{9A19103F-16F7-4668-BE54-9A1E7A4F7556}") = "Application", "src\Application\Application.csproj", "{01D99CFB-0E29-49D9-885B-A130FB6F8C52}"
EndProject
Project("{9A19103F-16F7-4668-BE54-9A1E7A4F7556}") = "Domain", "src\Domain\Domain.csproj", "{6D96C548-9617-4F6C-8CD3-E1B5C813A5D5}"
EndProject
Project("{9A19103F-16F7-4668-BE54-9A1E7A4F7556}") = "Infrastructure", "src\Infrastructure\Infrastructure.csproj", "{905B2283-9D31-4DBA-AA1B-2F09C9AB5DD6}"
EndProject
Project("{9A19103F-16F7-4668-BE54-9A1E7A4F7556}") = "Application.Tickets.UnitTests", "Tests\UnitTests\Application.Tickets.UnitTests\Application.Tickets.UnitTests.csproj", "{E43528E8-E7F5-4736-BA1F-F867941674C3}"
EndProject
Project("{2150E333-8FDC-42A3-9474-1A3956D46DE8}") = "Tests", "Tests", "{7CB16F7C-07FF-49C6-BB23-43423F92AF62}"
EndProject
Project("{2150E333-8FDC-42A3-9474-1A3956D46DE8}") = "UnitTests", "UnitTests", "{FFB4588B-3E40-4EF1-844D-31814638C6B8}"
EndProject
Global
	GlobalSection(SolutionConfigurationPlatforms) = preSolution
		Debug|Any CPU = Debug|Any CPU
		Release|Any CPU = Release|Any CPU
	EndGlobalSection
	GlobalSection(ProjectConfigurationPlatforms) = postSolution
		{C73F00FB-520A-4A4D-863E-7F69214314DA}.Debug|Any CPU.ActiveCfg = Debug|Any CPU
		{C73F00FB-520A-4A4D-863E-7F69214314DA}.Debug|Any CPU.Build.0 = Debug|Any CPU
		{C73F00FB-520A-4A4D-863E-7F69214314DA}.Release|Any CPU.ActiveCfg = Release|Any CPU
		{C73F00FB-520A-4A4D-863E-7F69214314DA}.Release|Any CPU.Build.0 = Release|Any CPU
		{01D99CFB-0E29-49D9-885B-A130FB6F8C52}.Debug|Any CPU.ActiveCfg = Debug|Any CPU
		{01D99CFB-0E29-49D9-885B-A130FB6F8C52}.Debug|Any CPU.Build.0 = Debug|Any CPU
		{01D99CFB-0E29-49D9-885B-A130FB6F8C52}.Release|Any CPU.ActiveCfg = Release|Any CPU
		{01D99CFB-0E29-49D9-885B-A130FB6F8C52}.Release|Any CPU.Build.0 = Release|Any CPU
		{6D96C548-9617-4F6C-8CD3-E1B5C813A5D5}.Debug|Any CPU.ActiveCfg = Debug|Any CPU
		{6D96C548-9617-4F6C-8CD3-E1B5C813A5D5}.Debug|Any CPU.Build.0 = Debug|Any CPU
		{6D96C548-9617-4F6C-8CD3-E1B5C813A5D5}.Release|Any CPU.ActiveCfg = Release|Any CPU
		{6D96C548-9617-4F6C-8CD3-E1B5C813A5D5}.Release|Any CPU.Build.0 = Release|Any CPU
		{905B2283-9D31-4DBA-AA1B-2F09C9AB5DD6}.Debug|Any CPU.ActiveCfg = Debug|Any CPU
		{905B2283-9D31-4DBA-AA1B-2F09C9AB5DD6}.Debug|Any CPU.Build.0 = Debug|Any CPU
		{905B2283-9D31-4DBA-AA1B-2F09C9AB5DD6}.Release|Any CPU.ActiveCfg = Release|Any CPU
		{905B2283-9D31-4DBA-AA1B-2F09C9AB5DD6}.Release|Any CPU.Build.0 = Release|Any CPU
		{E43528E8-E7F5-4736-BA1F-F867941674C3}.Debug|Any CPU.ActiveCfg = Debug|Any CPU
		{E43528E8-E7F5-4736-BA1F-F867941674C3}.Debug|Any CPU.Build.0 = Debug|Any CPU
		{E43528E8-E7F5-4736-BA1F-F867941674C3}.Release|Any CPU.ActiveCfg = Release|Any CPU
		{E43528E8-E7F5-4736-BA1F-F867941674C3}.Release|Any CPU.Build.0 = Release|Any CPU
	EndGlobalSection
	GlobalSection(SolutionProperties) = preSolution
		HideSolutionNode = FALSE
	EndGlobalSection
	GlobalSection(NestedProjects) = preSolution
		{E43528E8-E7F5-4736-BA1F-F867941674C3} = {FFB4588B-3E40-4EF1-844D-31814638C6B8}
		{FFB4588B-3E40-4EF1-844D-31814638C6B8} = {7CB16F7C-07FF-49C6-BB23-43423F92AF62}
	EndGlobalSection
	GlobalSection(ExtensibilityGlobals) = postSolution
		SolutionGuid = {9A0E3BAF-91E8-4284-9B45-37ECC8FAFCC5}
	EndGlobalSection
EndGlobal
